
Microsoft Visual Studio Solution File, Format Version 12.00
# Visual Studio 15
VisualStudioVersion = 15.0.27004.2006
MinimumVisualStudioVersion = 10.0.40219.1
Project("{8BC9CEB8-8B4A-11D0-8D11-00A0C91BC942}") = "PolarBear", "PolarBear\PolarBear.vcxproj", "{01B816F3-41DB-4030-B4B7-5071D8818D98}"
EndProject
Project("{8BC9CEB8-8B4A-11D0-8D11-00A0C91BC942}") = "TestProjects", "tests\TestProjects\TestProjects.vcxproj", "{BFF37B67-62C6-467D-B53C-67AE0E203EA5}"
EndProject
Project("{8BC9CEB8-8B4A-11D0-8D11-00A0C91BC942}") = "ALL_BUILD", "ALL_BUILD\ALL_BUILD.vcxproj", "{6FCED351-FB99-4735-8B39-6AE0214219FA}"
	ProjectSection(ProjectDependencies) = postProject
		{5418121A-3A8F-412F-8E7D-6BC9BABFC040} = {5418121A-3A8F-412F-8E7D-6BC9BABFC040}
		{1EC0FD3C-6A8F-4D85-B8CC-61AFE56EE38C} = {1EC0FD3C-6A8F-4D85-B8CC-61AFE56EE38C}
		{DE634664-BCF4-4DD1-8236-7B9B72798F12} = {DE634664-BCF4-4DD1-8236-7B9B72798F12}
		{89B28766-96D6-4F5E-AFB4-90286266BD21} = {89B28766-96D6-4F5E-AFB4-90286266BD21}
		{C9D73668-1F37-4AA1-A6C8-987F66EB07E6} = {C9D73668-1F37-4AA1-A6C8-987F66EB07E6}
		{4E7CA171-3E22-4A2F-B745-A0788AF2D3BC} = {4E7CA171-3E22-4A2F-B745-A0788AF2D3BC}
		{57E7F89F-B018-414F-944C-BB4E4D350BF4} = {57E7F89F-B018-414F-944C-BB4E4D350BF4}
		{AEF5E0C2-2B86-450B-BFE5-F78CCB72D083} = {AEF5E0C2-2B86-450B-BFE5-F78CCB72D083}
		{2E2327E1-94AE-40A8-A6D5-3B59C755BCCE} = {2E2327E1-94AE-40A8-A6D5-3B59C755BCCE}
		{00BE84E1-A98B-49BD-9501-B2AB1C20C6AF} = {00BE84E1-A98B-49BD-9501-B2AB1C20C6AF}
		{01B816F3-41DB-4030-B4B7-5071D8818D98} = {01B816F3-41DB-4030-B4B7-5071D8818D98}
	EndProjectSection
EndProject
Project("{8BC9CEB8-8B4A-11D0-8D11-00A0C91BC942}") = "PBbase", "PBbase\PBbase.vcxproj", "{DE634664-BCF4-4DD1-8236-7B9B72798F12}"
EndProject
Project("{8BC9CEB8-8B4A-11D0-8D11-00A0C91BC942}") = "QTtestGUI", "QTtestGUI\QTtestGUI.vcxproj", "{B12702AD-ABFB-343A-A199-8E24837244A3}"
EndProject
Project("{8BC9CEB8-8B4A-11D0-8D11-00A0C91BC942}") = "PBresource", "PBresource\PBresource.vcxproj", "{57E7F89F-B018-414F-944C-BB4E4D350BF4}"
EndProject
Project("{8BC9CEB8-8B4A-11D0-8D11-00A0C91BC942}") = "PBrender", "PBrender\PBrender.vcxproj", "{C9D73668-1F37-4AA1-A6C8-987F66EB07E6}"
EndProject
Project("{8BC9CEB8-8B4A-11D0-8D11-00A0C91BC942}") = "PBplugin", "PBplugin\PBplugin.vcxproj", "{89B28766-96D6-4F5E-AFB4-90286266BD21}"
EndProject
Project("{8BC9CEB8-8B4A-11D0-8D11-00A0C91BC942}") = "PBscript", "PBscript\PBscript.vcxproj", "{4E7CA171-3E22-4A2F-B745-A0788AF2D3BC}"
EndProject
Project("{8BC9CEB8-8B4A-11D0-8D11-00A0C91BC942}") = "PBfileSystem", "PBfileSystem\PBfileSystem.vcxproj", "{00BE84E1-A98B-49BD-9501-B2AB1C20C6AF}"
EndProject
Project("{8BC9CEB8-8B4A-11D0-8D11-00A0C91BC942}") = "PBnetwork", "PBnetwork\PBnetwork.vcxproj", "{AEF5E0C2-2B86-450B-BFE5-F78CCB72D083}"
EndProject
Project("{8BC9CEB8-8B4A-11D0-8D11-00A0C91BC942}") = "PBtools", "PBtools\PBtools.vcxproj", "{2E2327E1-94AE-40A8-A6D5-3B59C755BCCE}"
EndProject
Project("{8BC9CEB8-8B4A-11D0-8D11-00A0C91BC942}") = "PBscene", "PBscene\PBscene.vcxproj", "{1EC0FD3C-6A8F-4D85-B8CC-61AFE56EE38C}"
EndProject
Project("{8BC9CEB8-8B4A-11D0-8D11-00A0C91BC942}") = "PBUnitTestProject", "PBUnitTestProject\PBUnitTestProject.vcxproj", "{5418121A-3A8F-412F-8E7D-6BC9BABFC040}"
EndProject
Project("{8BC9CEB8-8B4A-11D0-8D11-00A0C91BC942}") = "PBmotion", "PBmotion\PBmotion.vcxproj", "{55DA5FED-FB40-420D-9B98-6F6AFEDA8ADB}"
EndProject
Global
	GlobalSection(SolutionConfigurationPlatforms) = preSolution
		Debug|Mixed Platforms = Debug|Mixed Platforms
		Debug|Win32 = Debug|Win32
		Debug|x64 = Debug|x64
		Release|Mixed Platforms = Release|Mixed Platforms
		Release|Win32 = Release|Win32
		Release|x64 = Release|x64
	EndGlobalSection
	GlobalSection(ProjectConfigurationPlatforms) = postSolution
		{01B816F3-41DB-4030-B4B7-5071D8818D98}.Debug|Mixed Platforms.ActiveCfg = Debug|Win32
		{01B816F3-41DB-4030-B4B7-5071D8818D98}.Debug|Mixed Platforms.Build.0 = Debug|Win32
		{01B816F3-41DB-4030-B4B7-5071D8818D98}.Debug|Win32.ActiveCfg = Debug|Win32
		{01B816F3-41DB-4030-B4B7-5071D8818D98}.Debug|Win32.Build.0 = Debug|Win32
		{01B816F3-41DB-4030-B4B7-5071D8818D98}.Debug|x64.ActiveCfg = Debug|x64
		{01B816F3-41DB-4030-B4B7-5071D8818D98}.Debug|x64.Build.0 = Debug|x64
		{01B816F3-41DB-4030-B4B7-5071D8818D98}.Release|Mixed Platforms.ActiveCfg = Release|Win32
		{01B816F3-41DB-4030-B4B7-5071D8818D98}.Release|Mixed Platforms.Build.0 = Release|Win32
		{01B816F3-41DB-4030-B4B7-5071D8818D98}.Release|Win32.ActiveCfg = Release|Win32
		{01B816F3-41DB-4030-B4B7-5071D8818D98}.Release|Win32.Build.0 = Release|Win32
		{01B816F3-41DB-4030-B4B7-5071D8818D98}.Release|x64.ActiveCfg = Release|x64
		{01B816F3-41DB-4030-B4B7-5071D8818D98}.Release|x64.Build.0 = Release|x64
		{BFF37B67-62C6-467D-B53C-67AE0E203EA5}.Debug|Mixed Platforms.ActiveCfg = Debug|Win32
		{BFF37B67-62C6-467D-B53C-67AE0E203EA5}.Debug|Mixed Platforms.Build.0 = Debug|Win32
		{BFF37B67-62C6-467D-B53C-67AE0E203EA5}.Debug|Win32.ActiveCfg = Debug|Win32
		{BFF37B67-62C6-467D-B53C-67AE0E203EA5}.Debug|Win32.Build.0 = Debug|Win32
		{BFF37B67-62C6-467D-B53C-67AE0E203EA5}.Debug|x64.ActiveCfg = Debug|x64
		{BFF37B67-62C6-467D-B53C-67AE0E203EA5}.Debug|x64.Build.0 = Debug|x64
		{BFF37B67-62C6-467D-B53C-67AE0E203EA5}.Release|Mixed Platforms.ActiveCfg = Release|Win32
		{BFF37B67-62C6-467D-B53C-67AE0E203EA5}.Release|Mixed Platforms.Build.0 = Release|Win32
		{BFF37B67-62C6-467D-B53C-67AE0E203EA5}.Release|Win32.ActiveCfg = Release|Win32
		{BFF37B67-62C6-467D-B53C-67AE0E203EA5}.Release|Win32.Build.0 = Release|Win32
		{BFF37B67-62C6-467D-B53C-67AE0E203EA5}.Release|x64.ActiveCfg = Release|Win32
		{6FCED351-FB99-4735-8B39-6AE0214219FA}.Debug|Mixed Platforms.ActiveCfg = Debug|Win32
		{6FCED351-FB99-4735-8B39-6AE0214219FA}.Debug|Mixed Platforms.Build.0 = Debug|Win32
		{6FCED351-FB99-4735-8B39-6AE0214219FA}.Debug|Win32.ActiveCfg = Debug|Win32
		{6FCED351-FB99-4735-8B39-6AE0214219FA}.Debug|Win32.Build.0 = Debug|Win32
		{6FCED351-FB99-4735-8B39-6AE0214219FA}.Debug|x64.ActiveCfg = Debug|x64
		{6FCED351-FB99-4735-8B39-6AE0214219FA}.Debug|x64.Build.0 = Debug|x64
		{6FCED351-FB99-4735-8B39-6AE0214219FA}.Release|Mixed Platforms.ActiveCfg = Release|Win32
		{6FCED351-FB99-4735-8B39-6AE0214219FA}.Release|Mixed Platforms.Build.0 = Release|Win32
		{6FCED351-FB99-4735-8B39-6AE0214219FA}.Release|Win32.ActiveCfg = Release|Win32
		{6FCED351-FB99-4735-8B39-6AE0214219FA}.Release|Win32.Build.0 = Release|Win32
		{6FCED351-FB99-4735-8B39-6AE0214219FA}.Release|x64.ActiveCfg = Release|Win32
		{DE634664-BCF4-4DD1-8236-7B9B72798F12}.Debug|Mixed Platforms.ActiveCfg = Debug|Win32
		{DE634664-BCF4-4DD1-8236-7B9B72798F12}.Debug|Mixed Platforms.Build.0 = Debug|Win32
		{DE634664-BCF4-4DD1-8236-7B9B72798F12}.Debug|Win32.ActiveCfg = Debug|Win32
		{DE634664-BCF4-4DD1-8236-7B9B72798F12}.Debug|Win32.Build.0 = Debug|Win32
		{DE634664-BCF4-4DD1-8236-7B9B72798F12}.Debug|x64.ActiveCfg = Debug|x64
		{DE634664-BCF4-4DD1-8236-7B9B72798F12}.Debug|x64.Build.0 = Debug|x64
		{DE634664-BCF4-4DD1-8236-7B9B72798F12}.Release|Mixed Platforms.ActiveCfg = Release|Win32
		{DE634664-BCF4-4DD1-8236-7B9B72798F12}.Release|Mixed Platforms.Build.0 = Release|Win32
		{DE634664-BCF4-4DD1-8236-7B9B72798F12}.Release|Win32.ActiveCfg = Release|Win32
		{DE634664-BCF4-4DD1-8236-7B9B72798F12}.Release|Win32.Build.0 = Release|Win32
		{DE634664-BCF4-4DD1-8236-7B9B72798F12}.Release|x64.ActiveCfg = Release|Win32
		{B12702AD-ABFB-343A-A199-8E24837244A3}.Debug|Mixed Platforms.ActiveCfg = Debug|Win32
		{B12702AD-ABFB-343A-A199-8E24837244A3}.Debug|Mixed Platforms.Build.0 = Debug|Win32
		{B12702AD-ABFB-343A-A199-8E24837244A3}.Debug|Win32.ActiveCfg = Debug|Win32
		{B12702AD-ABFB-343A-A199-8E24837244A3}.Debug|Win32.Build.0 = Debug|Win32
		{B12702AD-ABFB-343A-A199-8E24837244A3}.Debug|x64.ActiveCfg = Debug|x64
		{B12702AD-ABFB-343A-A199-8E24837244A3}.Debug|x64.Build.0 = Debug|x64
		{B12702AD-ABFB-343A-A199-8E24837244A3}.Release|Mixed Platforms.ActiveCfg = Release|Win32
		{B12702AD-ABFB-343A-A199-8E24837244A3}.Release|Mixed Platforms.Build.0 = Release|Win32
		{B12702AD-ABFB-343A-A199-8E24837244A3}.Release|Win32.ActiveCfg = Release|Win32
		{B12702AD-ABFB-343A-A199-8E24837244A3}.Release|Win32.Build.0 = Release|Win32
		{B12702AD-ABFB-343A-A199-8E24837244A3}.Release|x64.ActiveCfg = Release|x64
		{B12702AD-ABFB-343A-A199-8E24837244A3}.Release|x64.Build.0 = Release|x64
		{57E7F89F-B018-414F-944C-BB4E4D350BF4}.Debug|Mixed Platforms.ActiveCfg = Debug|Win32
		{57E7F89F-B018-414F-944C-BB4E4D350BF4}.Debug|Mixed Platforms.Build.0 = Debug|Win32
		{57E7F89F-B018-414F-944C-BB4E4D350BF4}.Debug|Win32.ActiveCfg = Debug|Win32
		{57E7F89F-B018-414F-944C-BB4E4D350BF4}.Debug|Win32.Build.0 = Debug|Win32
		{57E7F89F-B018-414F-944C-BB4E4D350BF4}.Debug|x64.ActiveCfg = Debug|x64
		{57E7F89F-B018-414F-944C-BB4E4D350BF4}.Debug|x64.Build.0 = Debug|x64
		{57E7F89F-B018-414F-944C-BB4E4D350BF4}.Release|Mixed Platforms.ActiveCfg = Release|Win32
		{57E7F89F-B018-414F-944C-BB4E4D350BF4}.Release|Mixed Platforms.Build.0 = Release|Win32
		{57E7F89F-B018-414F-944C-BB4E4D350BF4}.Release|Win32.ActiveCfg = Release|Win32
		{57E7F89F-B018-414F-944C-BB4E4D350BF4}.Release|Win32.Build.0 = Release|Win32
		{57E7F89F-B018-414F-944C-BB4E4D350BF4}.Release|x64.ActiveCfg = Release|Win32
		{C9D73668-1F37-4AA1-A6C8-987F66EB07E6}.Debug|Mixed Platforms.ActiveCfg = Debug|Win32
		{C9D73668-1F37-4AA1-A6C8-987F66EB07E6}.Debug|Mixed Platforms.Build.0 = Debug|Win32
		{C9D73668-1F37-4AA1-A6C8-987F66EB07E6}.Debug|Win32.ActiveCfg = Debug|Win32
		{C9D73668-1F37-4AA1-A6C8-987F66EB07E6}.Debug|Win32.Build.0 = Debug|Win32
		{C9D73668-1F37-4AA1-A6C8-987F66EB07E6}.Debug|x64.ActiveCfg = Debug|x64
		{C9D73668-1F37-4AA1-A6C8-987F66EB07E6}.Debug|x64.Build.0 = Debug|x64
		{C9D73668-1F37-4AA1-A6C8-987F66EB07E6}.Release|Mixed Platforms.ActiveCfg = Release|Win32
		{C9D73668-1F37-4AA1-A6C8-987F66EB07E6}.Release|Mixed Platforms.Build.0 = Release|Win32
		{C9D73668-1F37-4AA1-A6C8-987F66EB07E6}.Release|Win32.ActiveCfg = Release|Win32
		{C9D73668-1F37-4AA1-A6C8-987F66EB07E6}.Release|Win32.Build.0 = Release|Win32
		{C9D73668-1F37-4AA1-A6C8-987F66EB07E6}.Release|x64.ActiveCfg = Release|Win32
		{89B28766-96D6-4F5E-AFB4-90286266BD21}.Debug|Mixed Platforms.ActiveCfg = Debug|Win32
		{89B28766-96D6-4F5E-AFB4-90286266BD21}.Debug|Mixed Platforms.Build.0 = Debug|Win32
		{89B28766-96D6-4F5E-AFB4-90286266BD21}.Debug|Win32.ActiveCfg = Debug|Win32
		{89B28766-96D6-4F5E-AFB4-90286266BD21}.Debug|Win32.Build.0 = Debug|Win32
		{89B28766-96D6-4F5E-AFB4-90286266BD21}.Debug|x64.ActiveCfg = Debug|x64
		{89B28766-96D6-4F5E-AFB4-90286266BD21}.Debug|x64.Build.0 = Debug|x64
		{89B28766-96D6-4F5E-AFB4-90286266BD21}.Release|Mixed Platforms.ActiveCfg = Release|Win32
		{89B28766-96D6-4F5E-AFB4-90286266BD21}.Release|Mixed Platforms.Build.0 = Release|Win32
		{89B28766-96D6-4F5E-AFB4-90286266BD21}.Release|Win32.ActiveCfg = Release|Win32
		{89B28766-96D6-4F5E-AFB4-90286266BD21}.Release|Win32.Build.0 = Release|Win32
		{89B28766-96D6-4F5E-AFB4-90286266BD21}.Release|x64.ActiveCfg = Release|Win32
		{4E7CA171-3E22-4A2F-B745-A0788AF2D3BC}.Debug|Mixed Platforms.ActiveCfg = Debug|Win32
		{4E7CA171-3E22-4A2F-B745-A0788AF2D3BC}.Debug|Mixed Platforms.Build.0 = Debug|Win32
		{4E7CA171-3E22-4A2F-B745-A0788AF2D3BC}.Debug|Win32.ActiveCfg = Debug|Win32
		{4E7CA171-3E22-4A2F-B745-A0788AF2D3BC}.Debug|Win32.Build.0 = Debug|Win32
		{4E7CA171-3E22-4A2F-B745-A0788AF2D3BC}.Debug|x64.ActiveCfg = Debug|x64
		{4E7CA171-3E22-4A2F-B745-A0788AF2D3BC}.Debug|x64.Build.0 = Debug|x64
		{4E7CA171-3E22-4A2F-B745-A0788AF2D3BC}.Release|Mixed Platforms.ActiveCfg = Release|Win32
		{4E7CA171-3E22-4A2F-B745-A0788AF2D3BC}.Release|Mixed Platforms.Build.0 = Release|Win32
		{4E7CA171-3E22-4A2F-B745-A0788AF2D3BC}.Release|Win32.ActiveCfg = Release|Win32
		{4E7CA171-3E22-4A2F-B745-A0788AF2D3BC}.Release|Win32.Build.0 = Release|Win32
		{4E7CA171-3E22-4A2F-B745-A0788AF2D3BC}.Release|x64.ActiveCfg = Release|Win32
		{00BE84E1-A98B-49BD-9501-B2AB1C20C6AF}.Debug|Mixed Platforms.ActiveCfg = Debug|Win32
		{00BE84E1-A98B-49BD-9501-B2AB1C20C6AF}.Debug|Mixed Platforms.Build.0 = Debug|Win32
		{00BE84E1-A98B-49BD-9501-B2AB1C20C6AF}.Debug|Win32.ActiveCfg = Debug|Win32
		{00BE84E1-A98B-49BD-9501-B2AB1C20C6AF}.Debug|Win32.Build.0 = Debug|Win32
		{00BE84E1-A98B-49BD-9501-B2AB1C20C6AF}.Debug|x64.ActiveCfg = Debug|x64
		{00BE84E1-A98B-49BD-9501-B2AB1C20C6AF}.Debug|x64.Build.0 = Debug|x64
		{00BE84E1-A98B-49BD-9501-B2AB1C20C6AF}.Release|Mixed Platforms.ActiveCfg = Release|Win32
		{00BE84E1-A98B-49BD-9501-B2AB1C20C6AF}.Release|Mixed Platforms.Build.0 = Release|Win32
		{00BE84E1-A98B-49BD-9501-B2AB1C20C6AF}.Release|Win32.ActiveCfg = Release|Win32
		{00BE84E1-A98B-49BD-9501-B2AB1C20C6AF}.Release|Win32.Build.0 = Release|Win32
		{00BE84E1-A98B-49BD-9501-B2AB1C20C6AF}.Release|x64.ActiveCfg = Release|Win32
		{AEF5E0C2-2B86-450B-BFE5-F78CCB72D083}.Debug|Mixed Platforms.ActiveCfg = Debug|Win32
		{AEF5E0C2-2B86-450B-BFE5-F78CCB72D083}.Debug|Mixed Platforms.Build.0 = Debug|Win32
		{AEF5E0C2-2B86-450B-BFE5-F78CCB72D083}.Debug|Win32.ActiveCfg = Debug|Win32
		{AEF5E0C2-2B86-450B-BFE5-F78CCB72D083}.Debug|Win32.Build.0 = Debug|Win32
		{AEF5E0C2-2B86-450B-BFE5-F78CCB72D083}.Debug|x64.ActiveCfg = Debug|x64
		{AEF5E0C2-2B86-450B-BFE5-F78CCB72D083}.Debug|x64.Build.0 = Debug|x64
		{AEF5E0C2-2B86-450B-BFE5-F78CCB72D083}.Release|Mixed Platforms.ActiveCfg = Release|Win32
		{AEF5E0C2-2B86-450B-BFE5-F78CCB72D083}.Release|Mixed Platforms.Build.0 = Release|Win32
		{AEF5E0C2-2B86-450B-BFE5-F78CCB72D083}.Release|Win32.ActiveCfg = Release|Win32
		{AEF5E0C2-2B86-450B-BFE5-F78CCB72D083}.Release|Win32.Build.0 = Release|Win32
		{AEF5E0C2-2B86-450B-BFE5-F78CCB72D083}.Release|x64.ActiveCfg = Release|Win32
		{2E2327E1-94AE-40A8-A6D5-3B59C755BCCE}.Debug|Mixed Platforms.ActiveCfg = Debug|Win32
		{2E2327E1-94AE-40A8-A6D5-3B59C755BCCE}.Debug|Mixed Platforms.Build.0 = Debug|Win32
		{2E2327E1-94AE-40A8-A6D5-3B59C755BCCE}.Debug|Win32.ActiveCfg = Debug|Win32
		{2E2327E1-94AE-40A8-A6D5-3B59C755BCCE}.Debug|Win32.Build.0 = Debug|Win32
		{2E2327E1-94AE-40A8-A6D5-3B59C755BCCE}.Debug|x64.ActiveCfg = Debug|x64
		{2E2327E1-94AE-40A8-A6D5-3B59C755BCCE}.Release|Mixed Platforms.ActiveCfg = Release|Win32
		{2E2327E1-94AE-40A8-A6D5-3B59C755BCCE}.Release|Mixed Platforms.Build.0 = Release|Win32
		{2E2327E1-94AE-40A8-A6D5-3B59C755BCCE}.Release|Win32.ActiveCfg = Release|Win32
		{2E2327E1-94AE-40A8-A6D5-3B59C755BCCE}.Release|Win32.Build.0 = Release|Win32
		{2E2327E1-94AE-40A8-A6D5-3B59C755BCCE}.Release|x64.ActiveCfg = Release|Win32
		{1EC0FD3C-6A8F-4D85-B8CC-61AFE56EE38C}.Debug|Mixed Platforms.ActiveCfg = Debug|Win32
		{1EC0FD3C-6A8F-4D85-B8CC-61AFE56EE38C}.Debug|Mixed Platforms.Build.0 = Debug|Win32
		{1EC0FD3C-6A8F-4D85-B8CC-61AFE56EE38C}.Debug|Win32.ActiveCfg = Debug|Win32
		{1EC0FD3C-6A8F-4D85-B8CC-61AFE56EE38C}.Debug|Win32.Build.0 = Debug|Win32
		{1EC0FD3C-6A8F-4D85-B8CC-61AFE56EE38C}.Debug|x64.ActiveCfg = Debug|x64
		{1EC0FD3C-6A8F-4D85-B8CC-61AFE56EE38C}.Debug|x64.Build.0 = Debug|x64
		{1EC0FD3C-6A8F-4D85-B8CC-61AFE56EE38C}.Release|Mixed Platforms.ActiveCfg = Release|Win32
		{1EC0FD3C-6A8F-4D85-B8CC-61AFE56EE38C}.Release|Mixed Platforms.Build.0 = Release|Win32
		{1EC0FD3C-6A8F-4D85-B8CC-61AFE56EE38C}.Release|Win32.ActiveCfg = Release|Win32
		{1EC0FD3C-6A8F-4D85-B8CC-61AFE56EE38C}.Release|Win32.Build.0 = Release|Win32
		{1EC0FD3C-6A8F-4D85-B8CC-61AFE56EE38C}.Release|x64.ActiveCfg = Release|x64
		{1EC0FD3C-6A8F-4D85-B8CC-61AFE56EE38C}.Release|x64.Build.0 = Release|x64
		{5418121A-3A8F-412F-8E7D-6BC9BABFC040}.Debug|Mixed Platforms.ActiveCfg = Debug|Win32
		{5418121A-3A8F-412F-8E7D-6BC9BABFC040}.Debug|Mixed Platforms.Build.0 = Debug|Win32
		{5418121A-3A8F-412F-8E7D-6BC9BABFC040}.Debug|Win32.ActiveCfg = Debug|Win32
		{5418121A-3A8F-412F-8E7D-6BC9BABFC040}.Debug|Win32.Build.0 = Debug|Win32
		{5418121A-3A8F-412F-8E7D-6BC9BABFC040}.Debug|x64.ActiveCfg = Debug|x64
		{5418121A-3A8F-412F-8E7D-6BC9BABFC040}.Debug|x64.Build.0 = Debug|x64
		{5418121A-3A8F-412F-8E7D-6BC9BABFC040}.Release|Mixed Platforms.ActiveCfg = Release|Win32
		{5418121A-3A8F-412F-8E7D-6BC9BABFC040}.Release|Mixed Platforms.Build.0 = Release|Win32
		{5418121A-3A8F-412F-8E7D-6BC9BABFC040}.Release|Win32.ActiveCfg = Release|Win32
		{5418121A-3A8F-412F-8E7D-6BC9BABFC040}.Release|Win32.Build.0 = Release|Win32
		{5418121A-3A8F-412F-8E7D-6BC9BABFC040}.Release|x64.ActiveCfg = Release|x64
		{5418121A-3A8F-412F-8E7D-6BC9BABFC040}.Release|x64.Build.0 = Release|x64
		{55DA5FED-FB40-420D-9B98-6F6AFEDA8ADB}.Debug|Mixed Platforms.ActiveCfg = Debug|Win32
		{55DA5FED-FB40-420D-9B98-6F6AFEDA8ADB}.Debug|Mixed Platforms.Build.0 = Debug|Win32
		{55DA5FED-FB40-420D-9B98-6F6AFEDA8ADB}.Debug|Win32.ActiveCfg = Debug|Win32
		{55DA5FED-FB40-420D-9B98-6F6AFEDA8ADB}.Debug|Win32.Build.0 = Debug|Win32
		{55DA5FED-FB40-420D-9B98-6F6AFEDA8ADB}.Debug|x64.ActiveCfg = Debug|x64
		{55DA5FED-FB40-420D-9B98-6F6AFEDA8ADB}.Debug|x64.Build.0 = Debug|x64
		{55DA5FED-FB40-420D-9B98-6F6AFEDA8ADB}.Release|Mixed Platforms.ActiveCfg = Release|Win32
		{55DA5FED-FB40-420D-9B98-6F6AFEDA8ADB}.Release|Mixed Platforms.Build.0 = Release|Win32
		{55DA5FED-FB40-420D-9B98-6F6AFEDA8ADB}.Release|Win32.ActiveCfg = Release|Win32
		{55DA5FED-FB40-420D-9B98-6F6AFEDA8ADB}.Release|Win32.Build.0 = Release|Win32
		{55DA5FED-FB40-420D-9B98-6F6AFEDA8ADB}.Release|x64.ActiveCfg = Release|x64
		{55DA5FED-FB40-420D-9B98-6F6AFEDA8ADB}.Release|x64.Build.0 = Release|x64
	EndGlobalSection
	GlobalSection(SolutionProperties) = preSolution
		HideSolutionNode = FALSE
	EndGlobalSection
	GlobalSection(ExtensibilityGlobals) = postSolution
		SolutionGuid = {A5503448-0938-49D0-A806-2ABA06F48453}
	EndGlobalSection
EndGlobal
