<?xml version="1.0" encoding="utf-8"?>
<Project ToolsVersion="4.0" xmlns="http://schemas.microsoft.com/developer/msbuild/2003">
  <ItemGroup>
    <Filter Include="Source Files">
      <UniqueIdentifier>{4FC737F1-C7A5-4376-A066-2A32D752A2FF}</UniqueIdentifier>
      <Extensions>cpp;c;cc;cxx;def;odl;idl;hpj;bat;asm;asmx</Extensions>
    </Filter>
    <Filter Include="Header Files">
      <UniqueIdentifier>{93995380-89BD-4b04-88EB-625FBE52EBFB}</UniqueIdentifier>
      <Extensions>h;hh;hpp;hxx;hm;inl;inc;xsd</Extensions>
    </Filter>
    <Filter Include="Resource Files">
      <UniqueIdentifier>{67DA6AB6-F800-4c08-8B7A-83BB121AAD01}</UniqueIdentifier>
      <Extensions>rc;ico;cur;bmp;dlg;rc2;rct;bin;rgs;gif;jpg;jpeg;jpe;resx;tiff;tif;png;wav;mfcribbon-ms</Extensions>
    </Filter>
    <Filter Include="Interface">
      <UniqueIdentifier>{bd169c96-bfa7-43cb-ac5c-116a3dfc17c7}</UniqueIdentifier>
    </Filter>
  </ItemGroup>
  <ItemGroup>
    <ClCompile Include="PBbase.cpp">
      <Filter>Source Files</Filter>
    </ClCompile>
    <ClCompile Include="PBobject.cpp">
      <Filter>Source Files</Filter>
    </ClCompile>
    <ClCompile Include="PBref.cpp">
      <Filter>Source Files</Filter>
    </ClCompile>
    <ClCompile Include="StrHash.cpp">
      <Filter>Source Files</Filter>
    </ClCompile>
    <ClCompile Include="PBdebugHelper.cpp">
      <Filter>Source Files</Filter>
    </ClCompile>
    <ClCompile Include="PBstring.cpp">
      <Filter>Source Files</Filter>
    </ClCompile>
    <ClCompile Include="PBmemAllocation.cpp">
      <Filter>Source Files</Filter>
    </ClCompile>
    <ClCompile Include="PBmemAllocationPool.cpp">
      <Filter>Source Files</Filter>
    </ClCompile>
    <ClCompile Include="PBwindow.cpp">
      <Filter>Source Files</Filter>
    </ClCompile>
    <ClCompile Include="PBwindowImp.cpp">
      <Filter>Source Files</Filter>
    </ClCompile>
    <ClCompile Include="PBmath.cpp">
      <Filter>Source Files</Filter>
    </ClCompile>
  </ItemGroup>
  <ItemGroup>
    <ClInclude Include="..\include\base\_baseExport.h">
      <Filter>Interface</Filter>
    </ClInclude>
    <ClInclude Include="..\include\base\PBbase.h">
      <Filter>Interface</Filter>
    </ClInclude>
    <ClInclude Include="..\include\base\PBobject.h">
      <Filter>Interface</Filter>
    </ClInclude>
    <ClInclude Include="..\include\base\PBplatform.h">
      <Filter>Interface</Filter>
    </ClInclude>
    <ClInclude Include="..\include\base\PBref.h">
      <Filter>Interface</Filter>
    </ClInclude>
    <ClInclude Include="..\include\base\PBrefptr.h">
      <Filter>Interface</Filter>
    </ClInclude>
    <ClInclude Include="..\include\PBdefine.h">
      <Filter>Interface</Filter>
    </ClInclude>
    <ClInclude Include="StrHash.h">
      <Filter>Header Files</Filter>
    </ClInclude>
    <ClInclude Include="..\include\base\PBdebugHelper.h">
      <Filter>Interface</Filter>
    </ClInclude>
    <ClInclude Include="..\include\base\PBstring.h">
      <Filter>Interface</Filter>
    </ClInclude>
    <ClInclude Include="..\include\base\PBmemAllocationPool.h">
      <Filter>Interface</Filter>
    </ClInclude>
    <ClInclude Include="PBmemAllocation.h">
      <Filter>Header Files</Filter>
    </ClInclude>
    <ClInclude Include="..\include\base\PBwindow.h">
      <Filter>Interface</Filter>
    </ClInclude>
    <ClInclude Include="PBwindowImp.h">
      <Filter>Header Files</Filter>
    </ClInclude>
    <ClInclude Include="..\include\base\PBtypes.h">
      <Filter>Interface</Filter>
    </ClInclude>
    <ClInclude Include="..\include\base\PBmath.h">
      <Filter>Interface</Filter>
    </ClInclude>
    <ClInclude Include="..\include\base\PBtree.hpp">
      <Filter>Interface</Filter>
    </ClInclude>
    <ClInclude Include="..\include\base\PBlist.hpp">
      <Filter>Interface</Filter>
    </ClInclude>
    <ClInclude Include="..\include\base\PBunknown.h">
      <Filter>Interface</Filter>
    </ClInclude>
    <ClInclude Include="..\include\base\PBerrorCode.h">
      <Filter>Interface</Filter>
    </ClInclude>
  </ItemGroup>
</Project>